
Microsoft Visual Studio Solution File, Format Version 12.00
# Visual Studio Version 16
VisualStudioVersion = 16.0.32901.82
MinimumVisualStudioVersion = 10.0.40219.1
Project("{FAE04EC0-301F-11D3-BF4B-00C04F79EFBC}") = "User", "..\User\User.csproj", "{E1E45746-BC46-496A-8AFE-BDE65CA3D3A3}"
EndProject
Project("{9A19103F-16F7-4668-BE54-9A1E7A4F7556}") = "InitialArrange", "..\InitialArrange\InitialArrange.csproj", "{75C24B5F-E997-47F3-BD48-1C4817471BCF}"
EndProject
Project("{2150E333-8FDC-42A3-9474-1A3956D46DE8}") = "Configuration", "Configuration", "{7BA76AE8-2F61-4938-9A1F-445845486BB0}"
	ProjectSection(SolutionItems) = preProject
		..\Configuration\config1.xml = ..\Configuration\config1.xml
		..\Configuration\config4.1.xml = ..\Configuration\config4.1.xml
		..\Configuration\config4.2.xml = ..\Configuration\config4.2.xml
		..\Configuration\config4.3.xml = ..\Configuration\config4.3.xml
		..\Configuration\configCoreTest.xml = ..\Configuration\configCoreTest.xml
		..\Configuration\configPointTest.xml = ..\Configuration\configPointTest.xml
		..\Configuration\configXA_A.xml = ..\Configuration\configXA_A.xml
		..\Configuration\configXA_B.xml = ..\Configuration\configXA_B.xml
		..\Configuration\configXA_C.xml = ..\Configuration\configXA_C.xml
	EndProjectSection
EndProject
Global
	GlobalSection(SolutionConfigurationPlatforms) = preSolution
		Debug|Any CPU = Debug|Any CPU
		Release|Any CPU = Release|Any CPU
	EndGlobalSection
	GlobalSection(ProjectConfigurationPlatforms) = postSolution
		{E1E45746-BC46-496A-8AFE-BDE65CA3D3A3}.Debug|Any CPU.ActiveCfg = Debug|Any CPU
		{E1E45746-BC46-496A-8AFE-BDE65CA3D3A3}.Debug|Any CPU.Build.0 = Debug|Any CPU
		{E1E45746-BC46-496A-8AFE-BDE65CA3D3A3}.Release|Any CPU.ActiveCfg = Release|Any CPU
		{E1E45746-BC46-496A-8AFE-BDE65CA3D3A3}.Release|Any CPU.Build.0 = Release|Any CPU
		{75C24B5F-E997-47F3-BD48-1C4817471BCF}.Debug|Any CPU.ActiveCfg = Debug|Any CPU
		{75C24B5F-E997-47F3-BD48-1C4817471BCF}.Debug|Any CPU.Build.0 = Debug|Any CPU
		{75C24B5F-E997-47F3-BD48-1C4817471BCF}.Release|Any CPU.ActiveCfg = Release|Any CPU
		{75C24B5F-E997-47F3-BD48-1C4817471BCF}.Release|Any CPU.Build.0 = Release|Any CPU
	EndGlobalSection
	GlobalSection(SolutionProperties) = preSolution
		HideSolutionNode = FALSE
	EndGlobalSection
	GlobalSection(ExtensibilityGlobals) = postSolution
		SolutionGuid = {7023A2C3-3E5F-40C5-B3BC-18ED0E106FC0}
	EndGlobalSection
EndGlobal
